
Microsoft Visual Studio Solution File, Format Version 12.00
# Visual Studio 15
VisualStudioVersion = 15.0.28307.136
MinimumVisualStudioVersion = 10.0.40219.1
Project("{FAE04EC0-301F-11D3-BF4B-00C04F79EFBC}") = "RecyclerViewWithScroll", "RecyclerViewWithScroll\RecyclerViewWithScroll.csproj", "{A45D62B7-CDCE-40C1-A845-17F489C818DA}"
EndProject
Global
	GlobalSection(SolutionConfigurationPlatforms) = preSolution
		Debug|Any CPU = Debug|Any CPU
		Release|Any CPU = Release|Any CPU
	EndGlobalSection
	GlobalSection(ProjectConfigurationPlatforms) = postSolution
		{A45D62B7-CDCE-40C1-A845-17F489C818DA}.Debug|Any CPU.ActiveCfg = Debug|Any CPU
		{A45D62B7-CDCE-40C1-A845-17F489C818DA}.Debug|Any CPU.Build.0 = Debug|Any CPU
		{A45D62B7-CDCE-40C1-A845-17F489C818DA}.Debug|Any CPU.Deploy.0 = Debug|Any CPU
		{A45D62B7-CDCE-40C1-A845-17F489C818DA}.Release|Any CPU.ActiveCfg = Release|Any CPU
		{A45D62B7-CDCE-40C1-A845-17F489C818DA}.Release|Any CPU.Build.0 = Release|Any CPU
		{A45D62B7-CDCE-40C1-A845-17F489C818DA}.Release|Any CPU.Deploy.0 = Release|Any CPU
	EndGlobalSection
	GlobalSection(SolutionProperties) = preSolution
		HideSolutionNode = FALSE
	EndGlobalSection
	GlobalSection(ExtensibilityGlobals) = postSolution
		SolutionGuid = {74BC8A00-8A2B-4DCB-AB71-C4A1D87EBE07}
	EndGlobalSection
EndGlobal
